
Microsoft Visual Studio Solution File, Format Version 12.00
# Visual Studio Version 16
VisualStudioVersion = 16.0.30114.105
MinimumVisualStudioVersion = 10.0.40219.1
Project("{9A19103F-16F7-4668-BE54-9A1E7A4F7556}") = "tut11", "tut11\tut11.csproj", "{1D035AD7-6767-403D-81EA-BA2922717CFA}"
EndProject
Global
	GlobalSection(SolutionConfigurationPlatforms) = preSolution
		Debug|Any CPU = Debug|Any CPU
		Release|Any CPU = Release|Any CPU
	EndGlobalSection
	GlobalSection(ProjectConfigurationPlatforms) = postSolution
		{1D035AD7-6767-403D-81EA-BA2922717CFA}.Debug|Any CPU.ActiveCfg = Debug|Any CPU
		{1D035AD7-6767-403D-81EA-BA2922717CFA}.Debug|Any CPU.Build.0 = Debug|Any CPU
		{1D035AD7-6767-403D-81EA-BA2922717CFA}.Release|Any CPU.ActiveCfg = Release|Any CPU
		{1D035AD7-6767-403D-81EA-BA2922717CFA}.Release|Any CPU.Build.0 = Release|Any CPU
	EndGlobalSection
	GlobalSection(SolutionProperties) = preSolution
		HideSolutionNode = FALSE
	EndGlobalSection
	GlobalSection(ExtensibilityGlobals) = postSolution
		SolutionGuid = {BAD52644-D4AA-4F93-87A6-98180AFA24D3}
	EndGlobalSection
EndGlobal
